
Microsoft Visual Studio Solution File, Format Version 12.00
# Visual Studio 15
Project("{FAE04EC0-301F-11D3-BF4B-00C04F79EFBC}") = "com.spectrum.UserLog.Core", "com.spectrum.UserLog\com.spectrum.UserLog.Core\com.spectrum.UserLog.Core.csproj", "{CB0063FF-556C-471A-B342-DE066F762280}"
EndProject
Project("{FAE04EC0-301F-11D3-BF4B-00C04F79EFBC}") = "com.spectrum.UserLog.Droid", "com.spectrum.UserLog\com.spectrum.UserLog.Droid\com.spectrum.UserLog.Droid.csproj", "{E0A8F727-B761-4A72-B3AC-9FCAAC0380B6}"
EndProject
Project("{FAE04EC0-301F-11D3-BF4B-00C04F79EFBC}") = "com.spectrum.UserLog.iOS", "com.spectrum.UserLog\com.spectrum.UserLog.iOS\com.spectrum.UserLog.iOS.csproj", "{8E079145-9289-4A78-83F0-10C70931171F}"
EndProject
Project("{FAE04EC0-301F-11D3-BF4B-00C04F79EFBC}") = "com.spectrum.UserLog.Tests", "com.spectrum.UserLog.Tests\com.spectrum.UserLog.Tests.csproj", "{1DF6675F-53F4-4E06-8B3C-5F829F7D348F}"
EndProject
Global
	GlobalSection(SolutionConfigurationPlatforms) = preSolution
		Debug|Any CPU = Debug|Any CPU
		Release|Any CPU = Release|Any CPU
		Debug|iPhoneSimulator = Debug|iPhoneSimulator
		Release|iPhoneSimulator = Release|iPhoneSimulator
		Debug|iPhone = Debug|iPhone
		Release|iPhone = Release|iPhone
		Ad-Hoc|iPhone = Ad-Hoc|iPhone
		AppStore|iPhone = AppStore|iPhone
	EndGlobalSection
	GlobalSection(ProjectConfigurationPlatforms) = postSolution
		{CB0063FF-556C-471A-B342-DE066F762280}.Debug|Any CPU.ActiveCfg = Debug|Any CPU
		{CB0063FF-556C-471A-B342-DE066F762280}.Debug|Any CPU.Build.0 = Debug|Any CPU
		{CB0063FF-556C-471A-B342-DE066F762280}.Release|Any CPU.ActiveCfg = Release|Any CPU
		{CB0063FF-556C-471A-B342-DE066F762280}.Release|Any CPU.Build.0 = Release|Any CPU
		{CB0063FF-556C-471A-B342-DE066F762280}.Debug|iPhoneSimulator.ActiveCfg = Debug|Any CPU
		{CB0063FF-556C-471A-B342-DE066F762280}.Debug|iPhoneSimulator.Build.0 = Debug|Any CPU
		{CB0063FF-556C-471A-B342-DE066F762280}.Release|iPhoneSimulator.ActiveCfg = Release|Any CPU
		{CB0063FF-556C-471A-B342-DE066F762280}.Release|iPhoneSimulator.Build.0 = Release|Any CPU
		{CB0063FF-556C-471A-B342-DE066F762280}.Debug|iPhone.ActiveCfg = Debug|Any CPU
		{CB0063FF-556C-471A-B342-DE066F762280}.Debug|iPhone.Build.0 = Debug|Any CPU
		{CB0063FF-556C-471A-B342-DE066F762280}.Release|iPhone.ActiveCfg = Release|Any CPU
		{CB0063FF-556C-471A-B342-DE066F762280}.Release|iPhone.Build.0 = Release|Any CPU
		{CB0063FF-556C-471A-B342-DE066F762280}.Ad-Hoc|iPhone.ActiveCfg = Debug|Any CPU
		{CB0063FF-556C-471A-B342-DE066F762280}.Ad-Hoc|iPhone.Build.0 = Debug|Any CPU
		{CB0063FF-556C-471A-B342-DE066F762280}.AppStore|iPhone.ActiveCfg = Debug|Any CPU
		{CB0063FF-556C-471A-B342-DE066F762280}.AppStore|iPhone.Build.0 = Debug|Any CPU
		{E0A8F727-B761-4A72-B3AC-9FCAAC0380B6}.Debug|Any CPU.ActiveCfg = Debug|Any CPU
		{E0A8F727-B761-4A72-B3AC-9FCAAC0380B6}.Debug|Any CPU.Build.0 = Debug|Any CPU
		{E0A8F727-B761-4A72-B3AC-9FCAAC0380B6}.Release|Any CPU.ActiveCfg = Release|Any CPU
		{E0A8F727-B761-4A72-B3AC-9FCAAC0380B6}.Release|Any CPU.Build.0 = Release|Any CPU
		{E0A8F727-B761-4A72-B3AC-9FCAAC0380B6}.Debug|iPhoneSimulator.ActiveCfg = Debug|Any CPU
		{E0A8F727-B761-4A72-B3AC-9FCAAC0380B6}.Debug|iPhoneSimulator.Build.0 = Debug|Any CPU
		{E0A8F727-B761-4A72-B3AC-9FCAAC0380B6}.Release|iPhoneSimulator.ActiveCfg = Release|Any CPU
		{E0A8F727-B761-4A72-B3AC-9FCAAC0380B6}.Release|iPhoneSimulator.Build.0 = Release|Any CPU
		{E0A8F727-B761-4A72-B3AC-9FCAAC0380B6}.Debug|iPhone.ActiveCfg = Debug|Any CPU
		{E0A8F727-B761-4A72-B3AC-9FCAAC0380B6}.Debug|iPhone.Build.0 = Debug|Any CPU
		{E0A8F727-B761-4A72-B3AC-9FCAAC0380B6}.Release|iPhone.ActiveCfg = Release|Any CPU
		{E0A8F727-B761-4A72-B3AC-9FCAAC0380B6}.Release|iPhone.Build.0 = Release|Any CPU
		{E0A8F727-B761-4A72-B3AC-9FCAAC0380B6}.Ad-Hoc|iPhone.ActiveCfg = Debug|Any CPU
		{E0A8F727-B761-4A72-B3AC-9FCAAC0380B6}.Ad-Hoc|iPhone.Build.0 = Debug|Any CPU
		{E0A8F727-B761-4A72-B3AC-9FCAAC0380B6}.AppStore|iPhone.ActiveCfg = Debug|Any CPU
		{E0A8F727-B761-4A72-B3AC-9FCAAC0380B6}.AppStore|iPhone.Build.0 = Debug|Any CPU
		{8E079145-9289-4A78-83F0-10C70931171F}.Debug|Any CPU.ActiveCfg = Debug|iPhoneSimulator
		{8E079145-9289-4A78-83F0-10C70931171F}.Debug|Any CPU.Build.0 = Debug|iPhoneSimulator
		{8E079145-9289-4A78-83F0-10C70931171F}.Release|Any CPU.ActiveCfg = Release|iPhoneSimulator
		{8E079145-9289-4A78-83F0-10C70931171F}.Release|Any CPU.Build.0 = Release|iPhoneSimulator
		{8E079145-9289-4A78-83F0-10C70931171F}.Debug|iPhoneSimulator.ActiveCfg = Debug|iPhoneSimulator
		{8E079145-9289-4A78-83F0-10C70931171F}.Debug|iPhoneSimulator.Build.0 = Debug|iPhoneSimulator
		{8E079145-9289-4A78-83F0-10C70931171F}.Release|iPhoneSimulator.ActiveCfg = Release|iPhoneSimulator
		{8E079145-9289-4A78-83F0-10C70931171F}.Release|iPhoneSimulator.Build.0 = Release|iPhoneSimulator
		{8E079145-9289-4A78-83F0-10C70931171F}.Debug|iPhone.ActiveCfg = Debug|iPhone
		{8E079145-9289-4A78-83F0-10C70931171F}.Debug|iPhone.Build.0 = Debug|iPhone
		{8E079145-9289-4A78-83F0-10C70931171F}.Release|iPhone.ActiveCfg = Release|iPhone
		{8E079145-9289-4A78-83F0-10C70931171F}.Release|iPhone.Build.0 = Release|iPhone
		{8E079145-9289-4A78-83F0-10C70931171F}.Ad-Hoc|iPhone.ActiveCfg = Ad-Hoc|iPhone
		{8E079145-9289-4A78-83F0-10C70931171F}.Ad-Hoc|iPhone.Build.0 = Ad-Hoc|iPhone
		{8E079145-9289-4A78-83F0-10C70931171F}.AppStore|iPhone.ActiveCfg = AppStore|iPhone
		{8E079145-9289-4A78-83F0-10C70931171F}.AppStore|iPhone.Build.0 = AppStore|iPhone
		{1DF6675F-53F4-4E06-8B3C-5F829F7D348F}.Debug|Any CPU.ActiveCfg = Debug|Any CPU
		{1DF6675F-53F4-4E06-8B3C-5F829F7D348F}.Debug|Any CPU.Build.0 = Debug|Any CPU
		{1DF6675F-53F4-4E06-8B3C-5F829F7D348F}.Release|Any CPU.ActiveCfg = Release|Any CPU
		{1DF6675F-53F4-4E06-8B3C-5F829F7D348F}.Release|Any CPU.Build.0 = Release|Any CPU
		{1DF6675F-53F4-4E06-8B3C-5F829F7D348F}.Debug|iPhoneSimulator.ActiveCfg = Debug|Any CPU
		{1DF6675F-53F4-4E06-8B3C-5F829F7D348F}.Debug|iPhoneSimulator.Build.0 = Debug|Any CPU
		{1DF6675F-53F4-4E06-8B3C-5F829F7D348F}.Release|iPhoneSimulator.ActiveCfg = Release|Any CPU
		{1DF6675F-53F4-4E06-8B3C-5F829F7D348F}.Release|iPhoneSimulator.Build.0 = Release|Any CPU
		{1DF6675F-53F4-4E06-8B3C-5F829F7D348F}.Debug|iPhone.ActiveCfg = Debug|Any CPU
		{1DF6675F-53F4-4E06-8B3C-5F829F7D348F}.Debug|iPhone.Build.0 = Debug|Any CPU
		{1DF6675F-53F4-4E06-8B3C-5F829F7D348F}.Release|iPhone.ActiveCfg = Release|Any CPU
		{1DF6675F-53F4-4E06-8B3C-5F829F7D348F}.Release|iPhone.Build.0 = Release|Any CPU
		{1DF6675F-53F4-4E06-8B3C-5F829F7D348F}.Ad-Hoc|iPhone.ActiveCfg = Release|Any CPU
		{1DF6675F-53F4-4E06-8B3C-5F829F7D348F}.Ad-Hoc|iPhone.Build.0 = Release|Any CPU
		{1DF6675F-53F4-4E06-8B3C-5F829F7D348F}.AppStore|iPhone.ActiveCfg = Release|Any CPU
		{1DF6675F-53F4-4E06-8B3C-5F829F7D348F}.AppStore|iPhone.Build.0 = Release|Any CPU
	EndGlobalSection
	GlobalSection(MonoDevelopProperties) = preSolution
		Policies = $0
		$0.DotNetNamingPolicy = $1
	EndGlobalSection
EndGlobal
